{
    "_meta": {
        "hash": {
            "sha256": "8d416550bf03e9e92ecd66c91926df88498d87068ccbb040dfdc5bca3cc39354"
        },
        "pipfile-spec": 6,
        "requires": {
            "python_version": "3.6"
        },
        "sources": [
            {
                "name": "pypi",
                "url": "https://pypi.org/simple",
                "verify_ssl": true
            }
        ]
    },
    "default": {
        "ansicolors": {
            "hashes": [
                "sha256:00d2dde5a675579325902536738dd27e4fac1fd68f773fe36c21044eb559e187",
                "sha256:99f94f5e3348a0bcd43c82e5fc4414013ccc19d70bd939ad71e0133ce9c372e0"
            ],
            "index": "pypi",
            "version": "==1.1.8"
        },
        "click": {
            "hashes": [
                "sha256:2335065e6395b9e67ca716de5f7526736bfa6ceead690adf616d925bdc622b13",
                "sha256:5b94b49521f6456670fdb30cd82a4eca9412788a93fa6dd6df72c94d5a8ff2d7"
            ],
            "index": "pypi",
            "version": "==7.0"
        },
        "grpcio": {
            "hashes": [
                "sha256:0337debec20fe385bcd49048d6917270efbc17a5119857466559b4db91f8995b",
                "sha256:164f82a99e08797ea786283b66b45ebe76772d321577d1674ba6fe0200155892",
                "sha256:172dfba8d9621048c2cbc1d1cf7a02244e9a9a8cff5bb79bb30bcb0c13c7fd31",
                "sha256:18f4b536d8a9cfa15b3214e0bb628071def94160699e91798f0a954c3b2db88d",
                "sha256:2283b56bda49b068b0f08d006fffc7dd46eae72322f1a5dec87fc9c218f1dc2d",
                "sha256:26b33f488a955bf49262d2ce3423d3a8174108506d8f819e8150aca21bdd3b99",
                "sha256:31cc9b6f70bdd0d9ff53df2d563ea1fb278601d5c625932d8a82d03b08ff3de0",
                "sha256:37dd8684fbc2bc00766ae6784bcbd7f874bc96527636a341411db811d04ff650",
                "sha256:424c01189ef51a808669f020368b01204e0f1fa0bf2adab7c8d0d13166f92e9e",
                "sha256:431c099f20a1f1d97def98f87bb74fa752e8819c2bab23d79089353aed1acc9b",
                "sha256:4c2f1d0b27bcef301e5d5c1da05ffd7d174f807f61889c006b8e708b16bc978e",
                "sha256:59b8d738867b59c5daaff5df242b5f3f9c58b47862f603c6ee530964b897b69b",
                "sha256:8d4f1ee2a67cf8f792d4fc9b8c7bb2148174e838d935f175653aec234752828b",
                "sha256:97ab9e35b47bda0441332204960f95c1169c55ec8e989381bedd32bdb9f78b05",
                "sha256:9cf93e185507bfdaa7ed45a90049bd3f1ed3f6357ad3772b31e993ff723cf67d",
                "sha256:a5a81472c0ca6181492b9291c316ff60c6c94dd3f21c1e8c481f21923d899af0",
                "sha256:aaa1feb0fdd094af6db0a16cbd446ed94285a50e320aede5971152d9ea022df8",
                "sha256:b36bf4408f8400ee9ab13ff129e71f2e4c72ce2d8886b744aeab77ce50a55cf6",
                "sha256:bb345f7e98b38a2c1ef33ff1145687234f78dfeedf308b41b3e41f4b42eba099",
                "sha256:c13ae15695e0eb4ba2db920d6a197171d2398c675afa4f27460b6381d20a6884",
                "sha256:c4a233a00cc5b64543e97733902151bc6738396931b3c166aad03a3aaadbd479",
                "sha256:c521c5f8a95baabba69c68dd0f5e34f37c8adf1a9691f9884dba3eab4ebadc29",
                "sha256:c772edd094fe3e54d6d54fdecb90c51cb8d07b55e9c1cda2d33e9615e33d07e8",
                "sha256:cebfba6542855403b29e4bc95bbcd5ab444f21137b440f2fb7c7925ca0e55bfd",
                "sha256:d7490e013c4bad3e8db804fc6483b47125dc8df0ebcfd6e419bd25df35025301",
                "sha256:dfb6063619f297cbd22c67530d7465d98348b35d0424bbc1756b36c5ef9f99d4",
                "sha256:e80a15b48a66f35c7c33db2a7df4034a533b362269d0e60e0036e23f14bac7b5",
                "sha256:ea444fa1c1ec4f8d2ce965bb01e06148ef9ceb398fb2f627511d50f137eac35b",
                "sha256:ec986cbf8837a49f9612cc1cfc2a8ccb54875cfce5355a121279de35124ea1db",
                "sha256:fb641df6de8c4a55c784c24d334d53096954d9b30679d3ce5eb6a4d25c1020a3",
                "sha256:fb88bd791c8efbcb36de12f0aa519ceec0b7806d3decff16e412e097d4725d44",
                "sha256:ffa1be3d566a9cbd21a5f2d95fd9262ec6c337c499291bfeb51547b8de18942e"
            ],
            "index": "pypi",
            "version": "==1.24.0"
        },
        "grpcio-tools": {
            "hashes": [
                "sha256:077a9a088d6e67ef35d23bb3fea0f3aae26346a589df3fab45f5a77c5c4546ab",
                "sha256:0addae4886b64a2c680679624b7d5f6daaca86cd90adc95ec9b60f1811a533c6",
                "sha256:1a197412de29f2aa68a212abf303b4e512d2048edb1e6b858e48eb4e53134f52",
                "sha256:32c112d0a6d435a89468fb94e0dee40e66e798097e8a33bfff0addf81434ead1",
                "sha256:355c7512e4cfb15e9537b78d663fca21e6678bceb36500e99eec04323880ef8b",
                "sha256:3568a2122feb05b64e3fc6e02202ad929d8edd673d28912f62f8836a6cb3a4a3",
                "sha256:3b0b4b804bdbd48b1240c832e45f9ddc634f600ab02eb2d561eccac5467f4fa0",
                "sha256:4bcedb97ac2ccf67d7686ab177677b0c1be2abd750b12546fc698c030baad3ce",
                "sha256:506f9f39636bed168bf6ead93c5fa5ca5573f425840149c02a910008c929cd77",
                "sha256:523623e12d00b939590f7a5e948fb50946d348562f97b3ebde7886e159adce8f",
                "sha256:7245ef62573ce5cd71a7ffc84f6e0cca673951e77495fcf06eb1cd00e93f251e",
                "sha256:812b0437dae2cb07e7bf30c0c0c50c152a6e93caff5618aac2384199a0e2eb4e",
                "sha256:858872fc7bf598204ad8ed5abab6ca568b8173443c74cc556bec03d01167a7f0",
                "sha256:9269f99de915c82f384d599f84eb0a2de693a695059d95edc2ac5cf24e6f2a2e",
                "sha256:9b2810b89455b63c2475ab83f492281eddabd50556a8695d219238c89578999b",
                "sha256:9b56125f10ff5a1dd53c6614444193fab56a779f4a2057f462c18f9fcfd9df65",
                "sha256:a0fee8446eca3e4dbe250fe357671f516d7b9ad8c18c117fac0f1e8003a49f99",
                "sha256:aeb020d8054eb5047def7d86aa99bc5bbb5a6d504fde4e5a5b392cec3418d385",
                "sha256:b39f203c763e75686a77efaf9338c64d43743166b4a6ddf9c436c97e29254089",
                "sha256:b8e8ea06f6658b7924943a72be204ad046358f6cb8e459e5f62a77222f4732cf",
                "sha256:bf1267089167c699bda85da49d16f6ff0719aaf6e135c6a2b969fd445e55dbd2",
                "sha256:bf22515ea227efe0a613fba19ed2ca6a92ae60046bff28f3d4e98f428fb321a8",
                "sha256:c0c1670f82d15013832af7bf3bfc6658f103ec8aff88941bfcd0203702412e50",
                "sha256:cc2d24744f6494314b941af386da31c8fc7a26ed1337aa30a5852175f9521bd3",
                "sha256:d259156c2afae61a4d4a52d9782084015df19fb6cbaa276110041c3431f89778",
                "sha256:d2bdab26d14ec9a11ae9052c9a5f73093cf1466acc6e8ed347a37d60b4b3ffd0",
                "sha256:d8e88ddc29467862b25425d6d0616eda059759839180498ee0983660f24f0af1",
                "sha256:dd122f34ace48dd8d7976df0188211dd18f9d9d0c704695154f631a57d1d1576",
                "sha256:ea28d9e9c905c552aa39e4a1be26fe1e19f75b5bec717fd617bb006866f9ce39",
                "sha256:f2e199c283e327351744657172fc2e696f0cebd5fcb3a2682ff9dba8088c3e9f",
                "sha256:f8a791d27432c36ea9d13da33a2ebd5c6627c4afebb1bda7e4da1f868303801e",
                "sha256:fd0e2224d4e4067cc975a3d3d1b8dca175aa40f859d81795ce18a97d2a0db7b3"
            ],
            "index": "pypi",
            "version": "==1.24.0"
        },
        "mypy": {
            "hashes": [
                "sha256:1d98fd818ad3128a5408148c9e4a5edce6ed6b58cc314283e631dd5d9216527b",
                "sha256:22ee018e8fc212fe601aba65d3699689dd29a26410ef0d2cc1943de7bec7e3ac",
                "sha256:3a24f80776edc706ec8d05329e854d5b9e464cd332e25cde10c8da2da0a0db6c",
                "sha256:42a78944e80770f21609f504ca6c8173f7768043205b5ac51c9144e057dcf879",
                "sha256:4b2b20106973548975f0c0b1112eceb4d77ed0cafe0a231a1318f3b3a22fc795",
                "sha256:591a9625b4d285f3ba69f541c84c0ad9e7bffa7794da3fa0585ef13cf95cb021",
                "sha256:5b4b70da3d8bae73b908a90bb2c387b977e59d484d22c604a2131f6f4397c1a3",
                "sha256:84edda1ffeda0941b2ab38ecf49302326df79947fa33d98cdcfbf8ca9cf0bb23",
                "sha256:b2b83d29babd61b876ae375786960a5374bba0e4aba3c293328ca6ca5dc448dd",
                "sha256:cc4502f84c37223a1a5ab700649b5ab1b5e4d2bf2d426907161f20672a21930b",
                "sha256:e29e24dd6e7f39f200a5bb55dcaa645d38a397dd5a6674f6042ef02df5795046"
            ],
            "index": "pypi",
            "version": "==0.730"
        },
        "mypy-extensions": {
            "hashes": [
                "sha256:37e0e956f41369209a3d5f34580150bcacfabaa57b33a15c0b25f4b5725e0812",
                "sha256:b16cabe759f55e3409a7d231ebd2841378fb0c27a5d1994719e340e4f429ac3e"
            ],
            "version": "==0.4.1"
        },
        "mypy-protobuf": {
            "hashes": [
                "sha256:69f37e166ace422ef8c8266ff73be5384968152e1d7769f3d866d0e923c354ba",
                "sha256:a10bb9f24cc2c1f5077a5e64fc5e22b7f7e230a1a399a34cebc57c80a8a532e6"
            ],
            "index": "pypi",
            "version": "==1.15"
        },
        "peewee": {
            "hashes": [
                "sha256:f3f5c80c51b632d031f60454accadd84f166453a471bff63093ca674973f2a4e"
            ],
            "index": "pypi",
            "version": "==3.11.2"
        },
        "protobuf": {
            "hashes": [
                "sha256:26c0d756c7ad6823fccbc3b5f84c619b9cc7ac281496fe0a9d78e32023c45034",
                "sha256:3200046e4d4f6c42ed66257dbe15e2e5dc76072c280e9b3d69dc8f3a4fa3fbbc",
                "sha256:368f1bae6dd22d04fd2254d30cd301863408a96ff604422e3ddd8ab601f095a4",
                "sha256:3902fa1920b4ef9f710797496b309efc5ccd0faeba44dc82ed6a711a244764a0",
                "sha256:3a7a8925ba6481b9241cdb5d69cd0b0700f23efed6bb691dc9543faa4aa25d6f",
                "sha256:4bc33d49f43c6e9916fb56b7377cb4478cbf25824b4d2bedfb8a4e3df31c12ca",
                "sha256:568b434a36e31ed30d60d600b2227666ce150b8b5275948f50411481a4575d6d",
                "sha256:5c393cd665d03ce6b29561edd6b0cc4bcb3fb8e2a7843e8f223d693f07f61b40",
                "sha256:80072e9ba36c73cf89c01f669c7b123733fc2de1780b428082a850f53cc7865f",
                "sha256:843f498e98ad1469ad54ecb4a7ccf48605a1c5d2bd26ae799c7a2cddab4a37ec",
                "sha256:aa45443035651cbfae74c8deb53358ba660d8e7a5fbab3fc4beb33fb3e3ca4be",
                "sha256:aaab817d9d038dd5f56a6fb2b2e8ae68caf1fd28cc6a963c755fa73268495c13",
                "sha256:e6f68b9979dc8f75299293d682f67fecb72d78f98652da2eeb85c85edef1ca94",
                "sha256:e7366cabddff3441d583fdc0176ab42eba4ee7090ef857d50c4dd59ad124003a",
                "sha256:f0144ad97cd28bfdda0567b9278d25061ada5ad2b545b538cd3577697b32bda3",
                "sha256:f655338491481f482042f19016647e50365ab41b75b486e0df56e0dcc425abf4"
            ],
            "version": "==3.9.2"
        },
        "pymysql": {
            "hashes": [
                "sha256:3943fbbbc1e902f41daf7f9165519f140c4451c179380677e6a848587042561a",
                "sha256:d8c059dcd81dedb85a9f034d5e22dcb4442c0b201908bede99e306d65ea7c8e7"
            ],
            "index": "pypi",
            "version": "==0.9.3"
        },
        "pyyaml": {
            "hashes": [
                "sha256:0113bc0ec2ad727182326b61326afa3d1d8280ae1122493553fd6f4397f33df9",
                "sha256:01adf0b6c6f61bd11af6e10ca52b7d4057dd0be0343eb9283c878cf3af56aee4",
                "sha256:5124373960b0b3f4aa7df1707e63e9f109b5263eca5976c66e08b1c552d4eaf8",
                "sha256:5ca4f10adbddae56d824b2c09668e91219bb178a1eee1faa56af6f99f11bf696",
                "sha256:7907be34ffa3c5a32b60b95f4d95ea25361c951383a894fec31be7252b2b6f34",
                "sha256:7ec9b2a4ed5cad025c2278a1e6a19c011c80a3caaac804fd2d329e9cc2c287c9",
                "sha256:87ae4c829bb25b9fe99cf71fbb2140c448f534e24c998cc60f39ae4f94396a73",
                "sha256:9de9919becc9cc2ff03637872a440195ac4241c80536632fffeb6a1e25a74299",
                "sha256:a5a85b10e450c66b49f98846937e8cfca1db3127a9d5d1e31ca45c3d0bef4c5b",
                "sha256:b0997827b4f6a7c286c01c5f60384d218dca4ed7d9efa945c3e1aa623d5709ae",
                "sha256:b631ef96d3222e62861443cc89d6563ba3eeb816eeb96b2629345ab795e53681",
                "sha256:bf47c0607522fdbca6c9e817a6e81b08491de50f3766a7a0e6a5be7905961b41",
                "sha256:f81025eddd0327c7d4cfe9b62cf33190e1e736cc6e97502b3ec425f574b3e7a8"
            ],
            "index": "pypi",
            "version": "==5.1.2"
        },
        "six": {
            "hashes": [
                "sha256:3350809f0555b11f552448330d0b52d5f24c91a322ea4a15ef22629740f3761c",
                "sha256:d16a0141ec1a18405cd4ce8b4613101da75da0e9a7aec5bdd4fa804d0e0eba73"
            ],
            "version": "==1.12.0"
        },
        "typed-ast": {
            "hashes": [
                "sha256:18511a0b3e7922276346bcb47e2ef9f38fb90fd31cb9223eed42c85d1312344e",
                "sha256:262c247a82d005e43b5b7f69aff746370538e176131c32dda9cb0f324d27141e",
                "sha256:2b907eb046d049bcd9892e3076c7a6456c93a25bebfe554e931620c90e6a25b0",
                "sha256:354c16e5babd09f5cb0ee000d54cfa38401d8b8891eefa878ac772f827181a3c",
                "sha256:4e0b70c6fc4d010f8107726af5fd37921b666f5b31d9331f0bd24ad9a088e631",
                "sha256:630968c5cdee51a11c05a30453f8cd65e0cc1d2ad0d9192819df9978984529f4",
                "sha256:66480f95b8167c9c5c5c87f32cf437d585937970f3fc24386f313a4c97b44e34",
                "sha256:71211d26ffd12d63a83e079ff258ac9d56a1376a25bc80b1cdcdf601b855b90b",
                "sha256:95bd11af7eafc16e829af2d3df510cecfd4387f6453355188342c3e79a2ec87a",
                "sha256:bc6c7d3fa1325a0c6613512a093bc2a2a15aeec350451cbdf9e1d4bffe3e3233",
                "sha256:cc34a6f5b426748a507dd5d1de4c1978f2eb5626d51326e43280941206c209e1",
                "sha256:d755f03c1e4a51e9b24d899561fec4ccaf51f210d52abdf8c07ee2849b212a36",
                "sha256:d7c45933b1bdfaf9f36c579671fec15d25b06c8398f113dab64c18ed1adda01d",
                "sha256:d896919306dd0aa22d0132f62a1b78d11aaf4c9fc5b3410d3c666b818191630a",
                "sha256:ffde2fbfad571af120fcbfbbc61c72469e72f550d676c3342492a9dfdefb8f12"
            ],
            "index": "pypi",
            "version": "==1.4.0"
        },
        "typing-extensions": {
            "hashes": [
                "sha256:2ed632b30bb54fc3941c382decfd0ee4148f5c591651c9272473fea2c6397d95",
                "sha256:b1edbbf0652660e32ae780ac9433f4231e7339c7f9a8057d0f042fcbcea49b87",
                "sha256:d8179012ec2c620d3791ca6fe2bf7979d979acdbef1fca0bc56b37411db682ed"
            ],
            "version": "==3.7.4"
        }
    },
    "develop": {}
}
