{
    "_meta": {
        "hash": {
            "sha256": "8d416550bf03e9e92ecd66c91926df88498d87068ccbb040dfdc5bca3cc39354"
        },
        "pipfile-spec": 6,
        "requires": {
            "python_version": "3.6"
        },
        "sources": [
            {
                "name": "pypi",
                "url": "https://pypi.org/simple",
                "verify_ssl": true
            }
        ]
    },
    "default": {
        "ansicolors": {
            "hashes": [
                "sha256:00d2dde5a675579325902536738dd27e4fac1fd68f773fe36c21044eb559e187",
                "sha256:99f94f5e3348a0bcd43c82e5fc4414013ccc19d70bd939ad71e0133ce9c372e0"
            ],
            "index": "pypi",
            "version": "==1.1.8"
        },
        "click": {
            "hashes": [
                "sha256:2335065e6395b9e67ca716de5f7526736bfa6ceead690adf616d925bdc622b13",
                "sha256:5b94b49521f6456670fdb30cd82a4eca9412788a93fa6dd6df72c94d5a8ff2d7"
            ],
            "index": "pypi",
            "version": "==7.0"
        },
        "grpcio": {
            "hashes": [
                "sha256:0337debec20fe385bcd49048d6917270efbc17a5119857466559b4db91f8995b",
                "sha256:164f82a99e08797ea786283b66b45ebe76772d321577d1674ba6fe0200155892",
                "sha256:172dfba8d9621048c2cbc1d1cf7a02244e9a9a8cff5bb79bb30bcb0c13c7fd31",
                "sha256:18f4b536d8a9cfa15b3214e0bb628071def94160699e91798f0a954c3b2db88d",
                "sha256:2283b56bda49b068b0f08d006fffc7dd46eae72322f1a5dec87fc9c218f1dc2d",
                "sha256:26b33f488a955bf49262d2ce3423d3a8174108506d8f819e8150aca21bdd3b99",
                "sha256:31cc9b6f70bdd0d9ff53df2d563ea1fb278601d5c625932d8a82d03b08ff3de0",
                "sha256:37dd8684fbc2bc00766ae6784bcbd7f874bc96527636a341411db811d04ff650",
                "sha256:424c01189ef51a808669f020368b01204e0f1fa0bf2adab7c8d0d13166f92e9e",
                "sha256:431c099f20a1f1d97def98f87bb74fa752e8819c2bab23d79089353aed1acc9b",
                "sha256:4c2f1d0b27bcef301e5d5c1da05ffd7d174f807f61889c006b8e708b16bc978e",
                "sha256:59b8d738867b59c5daaff5df242b5f3f9c58b47862f603c6ee530964b897b69b",
                "sha256:8d4f1ee2a67cf8f792d4fc9b8c7bb2148174e838d935f175653aec234752828b",
                "sha256:97ab9e35b47bda0441332204960f95c1169c55ec8e989381bedd32bdb9f78b05",
                "sha256:9cf93e185507bfdaa7ed45a90049bd3f1ed3f6357ad3772b31e993ff723cf67d",
                "sha256:a5a81472c0ca6181492b9291c316ff60c6c94dd3f21c1e8c481f21923d899af0",
                "sha256:aaa1feb0fdd094af6db0a16cbd446ed94285a50e320aede5971152d9ea022df8",
                "sha256:b36bf4408f8400ee9ab13ff129e71f2e4c72ce2d8886b744aeab77ce50a55cf6",
                "sha256:bb345f7e98b38a2c1ef33ff1145687234f78dfeedf308b41b3e41f4b42eba099",
                "sha256:c13ae15695e0eb4ba2db920d6a197171d2398c675afa4f27460b6381d20a6884",
                "sha256:c4a233a00cc5b64543e97733902151bc6738396931b3c166aad03a3aaadbd479",
                "sha256:c521c5f8a95baabba69c68dd0f5e34f37c8adf1a9691f9884dba3eab4ebadc29",
                "sha256:c772edd094fe3e54d6d54fdecb90c51cb8d07b55e9c1cda2d33e9615e33d07e8",
                "sha256:cebfba6542855403b29e4bc95bbcd5ab444f21137b440f2fb7c7925ca0e55bfd",
                "sha256:d7490e013c4bad3e8db804fc6483b47125dc8df0ebcfd6e419bd25df35025301",
                "sha256:dfb6063619f297cbd22c67530d7465d98348b35d0424bbc1756b36c5ef9f99d4",
                "sha256:e80a15b48a66f35c7c33db2a7df4034a533b362269d0e60e0036e23f14bac7b5",
                "sha256:ea444fa1c1ec4f8d2ce965bb01e06148ef9ceb398fb2f627511d50f137eac35b",
                "sha256:ec986cbf8837a49f9612cc1cfc2a8ccb54875cfce5355a121279de35124ea1db",
                "sha256:fb641df6de8c4a55c784c24d334d53096954d9b30679d3ce5eb6a4d25c1020a3",
                "sha256:fb88bd791c8efbcb36de12f0aa519ceec0b7806d3decff16e412e097d4725d44",
                "sha256:ffa1be3d566a9cbd21a5f2d95fd9262ec6c337c499291bfeb51547b8de18942e"
            ],
            "index": "pypi",
            "version": "==1.24.0"
        },
        "grpcio-tools": {
            "hashes": [
                "sha256:077a9a088d6e67ef35d23bb3fea0f3aae26346a589df3fab45f5a77c5c4546ab",
                "sha256:0addae4886b64a2c680679624b7d5f6daaca86cd90adc95ec9b60f1811a533c6",
                "sha256:1a197412de29f2aa68a212abf303b4e512d2048edb1e6b858e48eb4e53134f52",
                "sha256:32c112d0a6d435a89468fb94e0dee40e66e798097e8a33bfff0addf81434ead1",
                "sha256:355c7512e4cfb15e9537b78d663fca21e6678bceb36500e99eec04323880ef8b",
                "sha256:3568a2122feb05b64e3fc6e02202ad929d8edd673d28912f62f8836a6cb3a4a3",
                "sha256:3b0b4b804bdbd48b1240c832e45f9ddc634f600ab02eb2d561eccac5467f4fa0",
                "sha256:4bcedb97ac2ccf67d7686ab177677b0c1be2abd750b12546fc698c030baad3ce",
                "sha256:506f9f39636bed168bf6ead93c5fa5ca5573f425840149c02a910008c929cd77",
                "sha256:523623e12d00b939590f7a5e948fb50946d348562f97b3ebde7886e159adce8f",
                "sha256:7245ef62573ce5cd71a7ffc84f6e0cca673951e77495fcf06eb1cd00e93f251e",
                "sha256:812b0437dae2cb07e7bf30c0c0c50c152a6e93caff5618aac2384199a0e2eb4e",
                "sha256:858872fc7bf598204ad8ed5abab6ca568b8173443c74cc556bec03d01167a7f0",
                "sha256:9269f99de915c82f384d599f84eb0a2de693a695059d95edc2ac5cf24e6f2a2e",
                "sha256:9b2810b89455b63c2475ab83f492281eddabd50556a8695d219238c89578999b",
                "sha256:9b56125f10ff5a1dd53c6614444193fab56a779f4a2057f462c18f9fcfd9df65",
                "sha256:a0fee8446eca3e4dbe250fe357671f516d7b9ad8c18c117fac0f1e8003a49f99",
                "sha256:aeb020d8054eb5047def7d86aa99bc5bbb5a6d504fde4e5a5b392cec3418d385",
                "sha256:b39f203c763e75686a77efaf9338c64d43743166b4a6ddf9c436c97e29254089",
                "sha256:b8e8ea06f6658b7924943a72be204ad046358f6cb8e459e5f62a77222f4732cf",
                "sha256:bf1267089167c699bda85da49d16f6ff0719aaf6e135c6a2b969fd445e55dbd2",
                "sha256:bf22515ea227efe0a613fba19ed2ca6a92ae60046bff28f3d4e98f428fb321a8",
                "sha256:c0c1670f82d15013832af7bf3bfc6658f103ec8aff88941bfcd0203702412e50",
                "sha256:cc2d24744f6494314b941af386da31c8fc7a26ed1337aa30a5852175f9521bd3",
                "sha256:d259156c2afae61a4d4a52d9782084015df19fb6cbaa276110041c3431f89778",
                "sha256:d2bdab26d14ec9a11ae9052c9a5f73093cf1466acc6e8ed347a37d60b4b3ffd0",
                "sha256:d8e88ddc29467862b25425d6d0616eda059759839180498ee0983660f24f0af1",
                "sha256:dd122f34ace48dd8d7976df0188211dd18f9d9d0c704695154f631a57d1d1576",
                "sha256:ea28d9e9c905c552aa39e4a1be26fe1e19f75b5bec717fd617bb006866f9ce39",
                "sha256:f2e199c283e327351744657172fc2e696f0cebd5fcb3a2682ff9dba8088c3e9f",
                "sha256:f8a791d27432c36ea9d13da33a2ebd5c6627c4afebb1bda7e4da1f868303801e",
                "sha256:fd0e2224d4e4067cc975a3d3d1b8dca175aa40f859d81795ce18a97d2a0db7b3"
            ],
            "index": "pypi",
            "version": "==1.24.0"
        },
        "mypy": {
            "hashes": [
                "sha256:1d98fd818ad3128a5408148c9e4a5edce6ed6b58cc314283e631dd5d9216527b",
                "sha256:22ee018e8fc212fe601aba65d3699689dd29a26410ef0d2cc1943de7bec7e3ac",
                "sha256:3a24f80776edc706ec8d05329e854d5b9e464cd332e25cde10c8da2da0a0db6c",
                "sha256:42a78944e80770f21609f504ca6c8173f7768043205b5ac51c9144e057dcf879",
                "sha256:4b2b20106973548975f0c0b1112eceb4d77ed0cafe0a231a1318f3b3a22fc795",
                "sha256:591a9625b4d285f3ba69f541c84c0ad9e7bffa7794da3fa0585ef13cf95cb021",
                "sha256:5b4b70da3d8bae73b908a90bb2c387b977e59d484d22c604a2131f6f4397c1a3",
                "sha256:84edda1ffeda0941b2ab38ecf49302326df79947fa33d98cdcfbf8ca9cf0bb23",
                "sha256:b2b83d29babd61b876ae375786960a5374bba0e4aba3c293328ca6ca5dc448dd",
                "sha256:cc4502f84c37223a1a5ab700649b5ab1b5e4d2bf2d426907161f20672a21930b",
                "sha256:e29e24dd6e7f39f200a5bb55dcaa645d38a397dd5a6674f6042ef02df5795046"
            ],
            "index": "pypi",
            "version": "==0.730"
        },
        "mypy-extensions": {
            "hashes": [
                "sha256:090fedd75945a69ae91ce1303b5824f428daf5a028d2f6ab8a299250a846f15d",
                "sha256:2d82818f5bb3e369420cb3c4060a7970edba416647068eb4c5343488a6c604a8"
            ],
            "version": "==0.4.3"
        },
        "mypy-protobuf": {
            "hashes": [
                "sha256:69f37e166ace422ef8c8266ff73be5384968152e1d7769f3d866d0e923c354ba",
                "sha256:a10bb9f24cc2c1f5077a5e64fc5e22b7f7e230a1a399a34cebc57c80a8a532e6"
            ],
            "index": "pypi",
            "version": "==1.15"
        },
        "peewee": {
            "hashes": [
                "sha256:f3f5c80c51b632d031f60454accadd84f166453a471bff63093ca674973f2a4e"
            ],
            "index": "pypi",
            "version": "==3.11.2"
        },
        "protobuf": {
            "hashes": [
                "sha256:0f2da2fcc4102b6c3b57f03c9d8d5e37c63f8bc74deaa6cb54e0cc4524a77247",
                "sha256:1655fc0ba7402560d749de13edbfca1ac45d1753d8f4e5292989f18f5a00c215",
                "sha256:1771ef20e88759c4d81db213e89b7a1fc53937968e12af6603c658ee4bcbfa38",
                "sha256:1a66261a402d05c8ad8c1fde8631837307bf8d7e7740a4f3941fc3277c2e1528",
                "sha256:24f4697f57b8520c897a401b7f9a5ae45c369e22c572e305dfaf8053ecb49687",
                "sha256:256c0b2e338c1f3228d3280707606fe5531fde85ab9d704cde6fdeb55112531f",
                "sha256:2b974519a2ae83aa1e31cff9018c70bbe0e303a46a598f982943c49ae1d4fcd3",
                "sha256:30fe4249a364576f9594180589c3f9c4771952014b5f77f0372923fc7bafbbe2",
                "sha256:45a91fc6f9aa86d3effdeda6751882b02de628519ba06d7160daffde0c889ff8",
                "sha256:70054ae1ce5dea7dec7357db931fcf487f40ea45b02cb719ee6af07eb1e906fb",
                "sha256:74ac159989e2b02d761188a2b6f4601ff5e494d9b9d863f5ad6e98e5e0c54328",
                "sha256:822ac7f87fc2fb9b24edd2db390538b60ef50256e421ca30d65250fad5a3d477",
                "sha256:83c7c7534f050cb25383bb817159416601d1cc46c40bc5e851ec8bbddfc34a2f",
                "sha256:88d8f21d1ac205eedb6dea943f8204ed08201b081dba2a966ab5612788b9bb1e",
                "sha256:9ec20a6ded7d0888e767ad029dbb126e604e18db744ac0a428cf746e040ccecd",
                "sha256:9ec220d90eda8bb7a7a1434a8aed4fe26d7e648c1a051c2885f3f5725b6aa71a",
                "sha256:b9069e45b6e78412fba4a314ea38b4a478686060acf470d2b131b3a2c50484ec",
                "sha256:d9ed0955b794f1e5f367e27f8a8ff25501eabe34573f003f06639c366ca75f73",
                "sha256:eaada29bbf087dea7d8bce4d1d604fc768749e8809e9c295922accd7c8fce4d5",
                "sha256:eac23a3e56175b710f3da9a9e8e2aa571891fbec60e0c5a06db1c7b1613b5cfd"
            ],
            "version": "==3.15.6"
        },
        "pymysql": {
            "hashes": [
                "sha256:3943fbbbc1e902f41daf7f9165519f140c4451c179380677e6a848587042561a",
                "sha256:d8c059dcd81dedb85a9f034d5e22dcb4442c0b201908bede99e306d65ea7c8e7"
            ],
            "index": "pypi",
            "version": "==0.9.3"
        },
        "pyyaml": {
            "hashes": [
                "sha256:02c78d77281d8f8d07a255e57abdbf43b02257f59f50cc6b636937d68efa5dd0",
                "sha256:0dc9f2eb2e3c97640928dec63fd8dc1dd91e6b6ed236bd5ac00332b99b5c2ff9",
                "sha256:124fd7c7bc1e95b1eafc60825f2daf67c73ce7b33f1194731240d24b0d1bf628",
                "sha256:26fcb33776857f4072601502d93e1a619f166c9c00befb52826e7b774efaa9db",
                "sha256:31ba07c54ef4a897758563e3a0fcc60077698df10180abe4b8165d9895c00ebf",
                "sha256:3c49e39ac034fd64fd576d63bb4db53cda89b362768a67f07749d55f128ac18a",
                "sha256:52bf0930903818e600ae6c2901f748bc4869c0c406056f679ab9614e5d21a166",
                "sha256:5a3f345acff76cad4aa9cb171ee76c590f37394186325d53d1aa25318b0d4a09",
                "sha256:5e7ac4e0e79a53451dc2814f6876c2fa6f71452de1498bbe29c0b54b69a986f4",
                "sha256:7242790ab6c20316b8e7bb545be48d7ed36e26bbe279fd56f2c4a12510e60b4b",
                "sha256:737bd70e454a284d456aa1fa71a0b429dd527bcbf52c5c33f7c8eee81ac16b89",
                "sha256:8635d53223b1f561b081ff4adecb828fd484b8efffe542edcfdff471997f7c39",
                "sha256:8b818b6c5a920cbe4203b5a6b14256f0e5244338244560da89b7b0f1313ea4b6",
                "sha256:8bf38641b4713d77da19e91f8b5296b832e4db87338d6aeffe422d42f1ca896d",
                "sha256:a36a48a51e5471513a5aea920cdad84cbd56d70a5057cca3499a637496ea379c",
                "sha256:b2243dd033fd02c01212ad5c601dafb44fbb293065f430b0d3dbf03f3254d615",
                "sha256:cc547d3ead3754712223abb7b403f0a184e4c3eae18c9bb7fd15adef1597cc4b",
                "sha256:cc552b6434b90d9dbed6a4f13339625dc466fd82597119897e9489c953acbc22",
                "sha256:f3790156c606299ff499ec44db422f66f05a7363b39eb9d5b064f17bd7d7c47b",
                "sha256:f7a21e3d99aa3095ef0553e7ceba36fb693998fbb1226f1392ce33681047465f",
                "sha256:fdc6b2cb4b19e431994f25a9160695cc59a4e861710cc6fc97161c5e845fc579"
            ],
            "index": "pypi",
            "version": "==5.4"
        },
        "six": {
            "hashes": [
                "sha256:30639c035cdb23534cd4aa2dd52c3bf48f06e5f4a941509c8bafd8ce11080259",
                "sha256:8b74bedcbbbaca38ff6d7491d76f2b06b3592611af620f8426e82dddb04a5ced"
            ],
            "version": "==1.15.0"
        },
        "typed-ast": {
            "hashes": [
                "sha256:1170afa46a3799e18b4c977777ce137bb53c7485379d9706af8a59f2ea1aa161",
                "sha256:18511a0b3e7922276346bcb47e2ef9f38fb90fd31cb9223eed42c85d1312344e",
                "sha256:262c247a82d005e43b5b7f69aff746370538e176131c32dda9cb0f324d27141e",
                "sha256:2b907eb046d049bcd9892e3076c7a6456c93a25bebfe554e931620c90e6a25b0",
                "sha256:354c16e5babd09f5cb0ee000d54cfa38401d8b8891eefa878ac772f827181a3c",
                "sha256:48e5b1e71f25cfdef98b013263a88d7145879fbb2d5185f2a0c79fa7ebbeae47",
                "sha256:4e0b70c6fc4d010f8107726af5fd37921b666f5b31d9331f0bd24ad9a088e631",
                "sha256:630968c5cdee51a11c05a30453f8cd65e0cc1d2ad0d9192819df9978984529f4",
                "sha256:66480f95b8167c9c5c5c87f32cf437d585937970f3fc24386f313a4c97b44e34",
                "sha256:71211d26ffd12d63a83e079ff258ac9d56a1376a25bc80b1cdcdf601b855b90b",
                "sha256:7954560051331d003b4e2b3eb822d9dd2e376fa4f6d98fee32f452f52dd6ebb2",
                "sha256:838997f4310012cf2e1ad3803bce2f3402e9ffb71ded61b5ee22617b3a7f6b6e",
                "sha256:95bd11af7eafc16e829af2d3df510cecfd4387f6453355188342c3e79a2ec87a",
                "sha256:bc6c7d3fa1325a0c6613512a093bc2a2a15aeec350451cbdf9e1d4bffe3e3233",
                "sha256:cc34a6f5b426748a507dd5d1de4c1978f2eb5626d51326e43280941206c209e1",
                "sha256:d755f03c1e4a51e9b24d899561fec4ccaf51f210d52abdf8c07ee2849b212a36",
                "sha256:d7c45933b1bdfaf9f36c579671fec15d25b06c8398f113dab64c18ed1adda01d",
                "sha256:d896919306dd0aa22d0132f62a1b78d11aaf4c9fc5b3410d3c666b818191630a",
                "sha256:fdc1c9bbf79510b76408840e009ed65958feba92a88833cdceecff93ae8fff66",
                "sha256:ffde2fbfad571af120fcbfbbc61c72469e72f550d676c3342492a9dfdefb8f12"
            ],
            "index": "pypi",
            "version": "==1.4.0"
        },
        "typing-extensions": {
            "hashes": [
                "sha256:7cb407020f00f7bfc3cb3e7881628838e69d8f3fcab2f64742a5e76b2f841918",
                "sha256:99d4073b617d30288f569d3f13d2bd7548c3a7e4c8de87db09a9d29bb3a4a60c",
                "sha256:dafc7639cde7f1b6e1acc0f457842a83e722ccca8eef5270af2d74792619a89f"
            ],
            "version": "==3.7.4.3"
        }
    },
    "develop": {}
}
